github.com/awesome-gocui/gocui v0.6.0 h1:hhDJiQC12tEsJNJ+iZBBVaSSLFYo9llFuYpQlL5JZVI=
github.com/awesome-gocui/gocui v0.6.0/go.mod h1:1QikxFaPhe2frKeKvEwZEIGia3haiOxOUXKinrv17mA=
github.com/awesome-gocui/termbox-go v0.0.0-20190427202837-c0aef3d18bcc h1:wGNpKcHU8Aadr9yOzsT3GEsFLS7HQu8HxQIomnekqf0=
github.com/awesome-gocui/termbox-go v0.0.0-20190427202837-c0aef3d18bcc/go.mod h1:tOy3o5Nf1bA17mnK4W41gD7PS3u4Cv0P0pqFcoWMy8s=
github.com/go-errors/errors v1.0.1 h1:LUHzmkK3GUKUrL/1gfBUxAHzcev3apQlezX/+O7ma6w=
github.com/go-errors/errors v1.0.1/go.mod h1:f4zRHt4oKfwPJE5k8C9vpYG+aDHdBFUsgrm6/TyX73Q=
github.com/logrusorgru/aurora v2.0.3+incompatible h1:tOpm7WcpBTn4fjmVfgpQq0EfczGlG91VSDkswnjF5A8=
github.com/logrusorgru/aurora v2.0.3+incompatible/go.mod h1:7rIyQOR62GCctdiQpZ/zOJlFyk6y+94wXzv6RNZgaR4=
github.com/mattn/go-runewidth v0.0.4/go.mod h1:LwmH8dsx7+W8Uxz3IHJYH5QSwggIsqBzpuz5H//U1FU=
github.com/mattn/go-runewidth v0.0.9 h1:Lm995f3rfxdpd6TSmuVCHVb/QhupuXlYr8sCI/QdE+0=
github.com/mattn/go-runewidth v0.0.9/go.mod h1:H031xJmbD/WCDINGzjvQ9THkh0rPKHF+m2gUSrubnMI=
github.com/patrickmn/go-cache v2.1.0+incompatible h1:HRMgzkcYKYpi3C8ajMPV8OFXaaRUnok+kx1WdO15EQc=
github.com/patrickmn/go-cache v2.1.0+incompatible/go.mod h1:3Qf8kWWT7OJRJbdiICTKqZju1ZixQ/KpMGzzAfe6+WQ=
